{
  "name": "avdo",
  "version": "0.0.1",
  "lockfileVersion": 1,
  "requires": true,
  "dependencies": {
    "@types/commander": {
      "version": "2.11.0",
      "resolved": "https://registry.npmjs.org/@types/commander/-/commander-2.11.0.tgz",
      "integrity": "sha512-G4+ewSX5/TPqpUjltkuyJ4QhX8oTy94WEyJMvC+R8cg/qKGjq+/n+b/TRVe/+/278jV9Iot5dS186r7NCcUrtg==",
      "dev": true,
      "requires": {
        "@types/node": "8.0.53"
      }
    },
    "@types/node": {
      "version": "8.0.53",
      "resolved": "https://registry.npmjs.org/@types/node/-/node-8.0.53.tgz",
      "integrity": "sha512-54Dm6NwYeiSQmRB1BLXKr5GELi0wFapR1npi8bnZhEcu84d/yQKqnwwXQ56hZ0RUbTG6L5nqDZaN3dgByQXQRQ==",
      "dev": true
    },
    "@types/sax": {
      "version": "1.0.0",
      "resolved": "https://registry.npmjs.org/@types/sax/-/sax-1.0.0.tgz",
      "integrity": "sha1-MNXmvb8Sba9uQSxjklHdl0vUfNw=",
      "dev": true,
      "requires": {
        "@types/node": "8.0.53"
      }
    },
    "commander": {
      "version": "2.11.0",
      "resolved": "https://registry.npmjs.org/commander/-/commander-2.11.0.tgz",
      "integrity": "sha512-b0553uYA5YAEGgyYIGYROzKQ7X5RAqedkfjiZxwi0kL1g3bOaBNNZfYkzt/CL0umgD5wc9Jec2FbB98CjkMRvQ=="
    },
    "prettier": {
      "version": "1.8.2",
      "resolved": "https://registry.npmjs.org/prettier/-/prettier-1.8.2.tgz",
      "integrity": "sha512-fHWjCwoRZgjP1rvLP7OGqOznq7xH1sHMQUFLX8qLRO79hI57+6xbc5vB904LxEkCfgFgyr3vv06JkafgCSzoZg==",
      "dev": true
    },
    "sax": {
      "version": "1.2.4",
      "resolved": "https://registry.npmjs.org/sax/-/sax-1.2.4.tgz",
      "integrity": "sha512-NqVDv9TpANUjFm0N8uM5GxL36UgKi9/atZw+x7YFnQ8ckwFGKrl4xX4yWtrey3UJm5nP1kUbnYgLopqWNSRhWw=="
    },
    "typescript": {
      "version": "2.6.1",
      "resolved": "https://registry.npmjs.org/typescript/-/typescript-2.6.1.tgz",
      "integrity": "sha1-7znN6ierrAtQAkLWcmq5DgyEZjE=",
      "dev": true
    }
  }
}
